
Microsoft Visual Studio Solution File, Format Version 12.00
# Visual Studio Version 16
VisualStudioVersion = 16.0.30309.148
MinimumVisualStudioVersion = 10.0.40219.1
Project("{FAE04EC0-301F-11D3-BF4B-00C04F79EFBC}") = "LottoGenerator", "LotteryNumberGenerator\LottoGenerator.csproj", "{9B364816-E770-468B-AF74-E5B289B081D2}"
EndProject
Global
	GlobalSection(SolutionConfigurationPlatforms) = preSolution
		Debug|Any CPU = Debug|Any CPU
		Release|Any CPU = Release|Any CPU
	EndGlobalSection
	GlobalSection(ProjectConfigurationPlatforms) = postSolution
		{9B364816-E770-468B-AF74-E5B289B081D2}.Debug|Any CPU.ActiveCfg = Debug|Any CPU
		{9B364816-E770-468B-AF74-E5B289B081D2}.Debug|Any CPU.Build.0 = Debug|Any CPU
		{9B364816-E770-468B-AF74-E5B289B081D2}.Release|Any CPU.ActiveCfg = Release|Any CPU
		{9B364816-E770-468B-AF74-E5B289B081D2}.Release|Any CPU.Build.0 = Release|Any CPU
	EndGlobalSection
	GlobalSection(SolutionProperties) = preSolution
		HideSolutionNode = FALSE
	EndGlobalSection
	GlobalSection(ExtensibilityGlobals) = postSolution
		SolutionGuid = {2AB60A9A-C5E5-4B57-90AD-52E911343BC0}
	EndGlobalSection
EndGlobal
